
Microsoft Visual Studio Solution File, Format Version 12.00
# Visual Studio Version 17
VisualStudioVersion = 17.8.34322.80
MinimumVisualStudioVersion = 10.0.40219.1
Project("{FAE04EC0-301F-11D3-BF4B-00C04F79EFBC}") = "AracYanimdaApi", "AracYanimdaApi\AracYanimdaApi.csproj", "{249B59CC-26F3-4AC8-A557-F18896EC5361}"
EndProject
Global
	GlobalSection(SolutionConfigurationPlatforms) = preSolution
		Debug|Any CPU = Debug|Any CPU
		Release|Any CPU = Release|Any CPU
	EndGlobalSection
	GlobalSection(ProjectConfigurationPlatforms) = postSolution
		{249B59CC-26F3-4AC8-A557-F18896EC5361}.Debug|Any CPU.ActiveCfg = Debug|Any CPU
		{249B59CC-26F3-4AC8-A557-F18896EC5361}.Debug|Any CPU.Build.0 = Debug|Any CPU
		{249B59CC-26F3-4AC8-A557-F18896EC5361}.Release|Any CPU.ActiveCfg = Release|Any CPU
		{249B59CC-26F3-4AC8-A557-F18896EC5361}.Release|Any CPU.Build.0 = Release|Any CPU
	EndGlobalSection
	GlobalSection(SolutionProperties) = preSolution
		HideSolutionNode = FALSE
	EndGlobalSection
	GlobalSection(ExtensibilityGlobals) = postSolution
		SolutionGuid = {B49B0357-194D-45ED-A792-07F612DEC50C}
	EndGlobalSection
EndGlobal
